
Microsoft Visual Studio Solution File, Format Version 12.00
# Visual Studio Version 17
VisualStudioVersion = 17.2.32630.192
MinimumVisualStudioVersion = 10.0.40219.1
Project("{FAE04EC0-301F-11D3-BF4B-00C04F79EFBC}") = "Test CSharp", "Test CSharp\Test CSharp.csproj", "{21BBC2FF-FDD8-4FE9-A3D8-4972C0FE2B7C}"
EndProject
Global
	GlobalSection(SolutionConfigurationPlatforms) = preSolution
		Debug|Any CPU = Debug|Any CPU
		Release|Any CPU = Release|Any CPU
	EndGlobalSection
	GlobalSection(ProjectConfigurationPlatforms) = postSolution
		{21BBC2FF-FDD8-4FE9-A3D8-4972C0FE2B7C}.Debug|Any CPU.ActiveCfg = Debug|Any CPU
		{21BBC2FF-FDD8-4FE9-A3D8-4972C0FE2B7C}.Debug|Any CPU.Build.0 = Debug|Any CPU
		{21BBC2FF-FDD8-4FE9-A3D8-4972C0FE2B7C}.Release|Any CPU.ActiveCfg = Release|Any CPU
		{21BBC2FF-FDD8-4FE9-A3D8-4972C0FE2B7C}.Release|Any CPU.Build.0 = Release|Any CPU
	EndGlobalSection
	GlobalSection(SolutionProperties) = preSolution
		HideSolutionNode = FALSE
	EndGlobalSection
	GlobalSection(ExtensibilityGlobals) = postSolution
		SolutionGuid = {E7008C0F-BD06-41F1-B284-1E8C2DEE22EF}
	EndGlobalSection
EndGlobal
